
Microsoft Visual Studio Solution File, Format Version 12.00
# Visual Studio 15
VisualStudioVersion = 15.0.27004.2009
MinimumVisualStudioVersion = 10.0.40219.1
Project("{9A19103F-16F7-4668-BE54-9A1E7A4F7556}") = "XiaoyaCrawler", "XiaoyaCrawler\XiaoyaCrawler.csproj", "{172DE177-E299-4079-AD24-12EE3E50907C}"
EndProject
Project("{9A19103F-16F7-4668-BE54-9A1E7A4F7556}") = "XiaoyaLogger", "XiaoyaLogger\XiaoyaLogger.csproj", "{10C48295-4E7A-43BC-BC36-6BFAFE7B637B}"
EndProject
Project("{9A19103F-16F7-4668-BE54-9A1E7A4F7556}") = "XiaoyaCommon", "XiaoyaCommon\XiaoyaCommon.csproj", "{1B5DE4B8-6A19-4154-A540-8C7A43B29009}"
EndProject
Project("{9A19103F-16F7-4668-BE54-9A1E7A4F7556}") = "XiaoyaCrawlerInterface", "XiaoyaCrawlerInterface\XiaoyaCrawlerInterface.csproj", "{B5E9CD5C-AB79-431C-8EA7-0F5A7EEE8866}"
EndProject
Project("{9A19103F-16F7-4668-BE54-9A1E7A4F7556}") = "XiaoyaStore", "XiaoyaStore\XiaoyaStore.csproj", "{ADE89A32-4DE0-4979-907C-4E5E408F6A99}"
EndProject
Project("{9A19103F-16F7-4668-BE54-9A1E7A4F7556}") = "XiaoyaFileParser", "XiaoyaFileParser\XiaoyaFileParser.csproj", "{9E43D0AF-239A-4E5F-B307-2ADAA7C55070}"
EndProject
Project("{9A19103F-16F7-4668-BE54-9A1E7A4F7556}") = "XiaoyaIndexer", "XiaoyaIndexer\XiaoyaIndexer.csproj", "{BDC60CD3-82BE-4E51-8831-679866E4DC64}"
EndProject
Project("{9A19103F-16F7-4668-BE54-9A1E7A4F7556}") = "XiaoyaNLP", "XiaoyaNLP\XiaoyaNLP.csproj", "{950C86F1-8FA2-41BB-B078-BC4F71ECDD09}"
EndProject
Project("{9A19103F-16F7-4668-BE54-9A1E7A4F7556}") = "XiaoyaNLPUnitTest", "XiaoyaNLPUnitTest\XiaoyaNLPUnitTest.csproj", "{CA5A879C-8D86-4359-B71B-BBD92DF07C92}"
EndProject
Project("{9A19103F-16F7-4668-BE54-9A1E7A4F7556}") = "XiaoyaStoreUnitTest", "XiaoyaStoreUnitTest\XiaoyaStoreUnitTest.csproj", "{B7BDFFF9-B8AC-4E30-972A-E8E9308D2335}"
EndProject
Project("{9A19103F-16F7-4668-BE54-9A1E7A4F7556}") = "XiaoyaCrawlerUnitTest", "XiaoyaCrawlerUnitTest\XiaoyaCrawlerUnitTest.csproj", "{FC2DE6D6-0572-43E4-A382-59C2D54FC19B}"
EndProject
Project("{9A19103F-16F7-4668-BE54-9A1E7A4F7556}") = "XiaoyaIndexerUnitTest", "XiaoyaIndexerUnitTest\XiaoyaIndexerUnitTest.csproj", "{DAFE6DED-131E-4098-9A1B-C5CC612E3DDA}"
EndProject
Project("{9A19103F-16F7-4668-BE54-9A1E7A4F7556}") = "XiaoyaRetriever", "XiaoyaRetriever\XiaoyaRetriever.csproj", "{2DD92F18-E9B6-4E6A-A9AE-852D552E9469}"
EndProject
Project("{9A19103F-16F7-4668-BE54-9A1E7A4F7556}") = "XiaoyaRetrieverUnitTest", "XiaoyaRetrieverUnitTest\XiaoyaRetrieverUnitTest.csproj", "{154D7552-6408-4D35-9F7A-B7DBC18463A4}"
EndProject
Project("{FAE04EC0-301F-11D3-BF4B-00C04F79EFBC}") = "XiaoyaRanker", "XiaoyaRanker\XiaoyaRanker.csproj", "{6AC454AC-A88B-4368-9EF3-884B39EA4F69}"
EndProject
Project("{FAE04EC0-301F-11D3-BF4B-00C04F79EFBC}") = "XiaoyaQueryParser", "XiaoyaQueryParser\XiaoyaQueryParser.csproj", "{15C56A0E-2013-4280-8767-0281BEA24026}"
EndProject
Project("{FAE04EC0-301F-11D3-BF4B-00C04F79EFBC}") = "XiaoyaQueryParserUnitTest", "XiaoyaQueryParserUnitTest\XiaoyaQueryParserUnitTest.csproj", "{E966F0A4-505E-48A3-ACDD-A4AF2FAC4B91}"
EndProject
Global
	GlobalSection(SolutionConfigurationPlatforms) = preSolution
		Debug|Any CPU = Debug|Any CPU
		Release|Any CPU = Release|Any CPU
	EndGlobalSection
	GlobalSection(ProjectConfigurationPlatforms) = postSolution
		{172DE177-E299-4079-AD24-12EE3E50907C}.Debug|Any CPU.ActiveCfg = Debug|Any CPU
		{172DE177-E299-4079-AD24-12EE3E50907C}.Debug|Any CPU.Build.0 = Debug|Any CPU
		{172DE177-E299-4079-AD24-12EE3E50907C}.Release|Any CPU.ActiveCfg = Release|Any CPU
		{172DE177-E299-4079-AD24-12EE3E50907C}.Release|Any CPU.Build.0 = Release|Any CPU
		{10C48295-4E7A-43BC-BC36-6BFAFE7B637B}.Debug|Any CPU.ActiveCfg = Debug|Any CPU
		{10C48295-4E7A-43BC-BC36-6BFAFE7B637B}.Debug|Any CPU.Build.0 = Debug|Any CPU
		{10C48295-4E7A-43BC-BC36-6BFAFE7B637B}.Release|Any CPU.ActiveCfg = Release|Any CPU
		{10C48295-4E7A-43BC-BC36-6BFAFE7B637B}.Release|Any CPU.Build.0 = Release|Any CPU
		{1B5DE4B8-6A19-4154-A540-8C7A43B29009}.Debug|Any CPU.ActiveCfg = Debug|Any CPU
		{1B5DE4B8-6A19-4154-A540-8C7A43B29009}.Debug|Any CPU.Build.0 = Debug|Any CPU
		{1B5DE4B8-6A19-4154-A540-8C7A43B29009}.Release|Any CPU.ActiveCfg = Release|Any CPU
		{1B5DE4B8-6A19-4154-A540-8C7A43B29009}.Release|Any CPU.Build.0 = Release|Any CPU
		{B5E9CD5C-AB79-431C-8EA7-0F5A7EEE8866}.Debug|Any CPU.ActiveCfg = Debug|Any CPU
		{B5E9CD5C-AB79-431C-8EA7-0F5A7EEE8866}.Debug|Any CPU.Build.0 = Debug|Any CPU
		{B5E9CD5C-AB79-431C-8EA7-0F5A7EEE8866}.Release|Any CPU.ActiveCfg = Release|Any CPU
		{B5E9CD5C-AB79-431C-8EA7-0F5A7EEE8866}.Release|Any CPU.Build.0 = Release|Any CPU
		{ADE89A32-4DE0-4979-907C-4E5E408F6A99}.Debug|Any CPU.ActiveCfg = Debug|Any CPU
		{ADE89A32-4DE0-4979-907C-4E5E408F6A99}.Debug|Any CPU.Build.0 = Debug|Any CPU
		{ADE89A32-4DE0-4979-907C-4E5E408F6A99}.Release|Any CPU.ActiveCfg = Release|Any CPU
		{ADE89A32-4DE0-4979-907C-4E5E408F6A99}.Release|Any CPU.Build.0 = Release|Any CPU
		{9E43D0AF-239A-4E5F-B307-2ADAA7C55070}.Debug|Any CPU.ActiveCfg = Debug|Any CPU
		{9E43D0AF-239A-4E5F-B307-2ADAA7C55070}.Debug|Any CPU.Build.0 = Debug|Any CPU
		{9E43D0AF-239A-4E5F-B307-2ADAA7C55070}.Release|Any CPU.ActiveCfg = Release|Any CPU
		{9E43D0AF-239A-4E5F-B307-2ADAA7C55070}.Release|Any CPU.Build.0 = Release|Any CPU
		{BDC60CD3-82BE-4E51-8831-679866E4DC64}.Debug|Any CPU.ActiveCfg = Debug|Any CPU
		{BDC60CD3-82BE-4E51-8831-679866E4DC64}.Debug|Any CPU.Build.0 = Debug|Any CPU
		{BDC60CD3-82BE-4E51-8831-679866E4DC64}.Release|Any CPU.ActiveCfg = Release|Any CPU
		{BDC60CD3-82BE-4E51-8831-679866E4DC64}.Release|Any CPU.Build.0 = Release|Any CPU
		{950C86F1-8FA2-41BB-B078-BC4F71ECDD09}.Debug|Any CPU.ActiveCfg = Debug|Any CPU
		{950C86F1-8FA2-41BB-B078-BC4F71ECDD09}.Debug|Any CPU.Build.0 = Debug|Any CPU
		{950C86F1-8FA2-41BB-B078-BC4F71ECDD09}.Release|Any CPU.ActiveCfg = Release|Any CPU
		{950C86F1-8FA2-41BB-B078-BC4F71ECDD09}.Release|Any CPU.Build.0 = Release|Any CPU
		{CA5A879C-8D86-4359-B71B-BBD92DF07C92}.Debug|Any CPU.ActiveCfg = Debug|Any CPU
		{CA5A879C-8D86-4359-B71B-BBD92DF07C92}.Debug|Any CPU.Build.0 = Debug|Any CPU
		{CA5A879C-8D86-4359-B71B-BBD92DF07C92}.Release|Any CPU.ActiveCfg = Release|Any CPU
		{CA5A879C-8D86-4359-B71B-BBD92DF07C92}.Release|Any CPU.Build.0 = Release|Any CPU
		{B7BDFFF9-B8AC-4E30-972A-E8E9308D2335}.Debug|Any CPU.ActiveCfg = Debug|Any CPU
		{B7BDFFF9-B8AC-4E30-972A-E8E9308D2335}.Debug|Any CPU.Build.0 = Debug|Any CPU
		{B7BDFFF9-B8AC-4E30-972A-E8E9308D2335}.Release|Any CPU.ActiveCfg = Release|Any CPU
		{B7BDFFF9-B8AC-4E30-972A-E8E9308D2335}.Release|Any CPU.Build.0 = Release|Any CPU
		{FC2DE6D6-0572-43E4-A382-59C2D54FC19B}.Debug|Any CPU.ActiveCfg = Debug|Any CPU
		{FC2DE6D6-0572-43E4-A382-59C2D54FC19B}.Debug|Any CPU.Build.0 = Debug|Any CPU
		{FC2DE6D6-0572-43E4-A382-59C2D54FC19B}.Release|Any CPU.ActiveCfg = Release|Any CPU
		{FC2DE6D6-0572-43E4-A382-59C2D54FC19B}.Release|Any CPU.Build.0 = Release|Any CPU
		{DAFE6DED-131E-4098-9A1B-C5CC612E3DDA}.Debug|Any CPU.ActiveCfg = Debug|Any CPU
		{DAFE6DED-131E-4098-9A1B-C5CC612E3DDA}.Debug|Any CPU.Build.0 = Debug|Any CPU
		{DAFE6DED-131E-4098-9A1B-C5CC612E3DDA}.Release|Any CPU.ActiveCfg = Release|Any CPU
		{DAFE6DED-131E-4098-9A1B-C5CC612E3DDA}.Release|Any CPU.Build.0 = Release|Any CPU
		{2DD92F18-E9B6-4E6A-A9AE-852D552E9469}.Debug|Any CPU.ActiveCfg = Debug|Any CPU
		{2DD92F18-E9B6-4E6A-A9AE-852D552E9469}.Debug|Any CPU.Build.0 = Debug|Any CPU
		{2DD92F18-E9B6-4E6A-A9AE-852D552E9469}.Release|Any CPU.ActiveCfg = Release|Any CPU
		{2DD92F18-E9B6-4E6A-A9AE-852D552E9469}.Release|Any CPU.Build.0 = Release|Any CPU
		{154D7552-6408-4D35-9F7A-B7DBC18463A4}.Debug|Any CPU.ActiveCfg = Debug|Any CPU
		{154D7552-6408-4D35-9F7A-B7DBC18463A4}.Debug|Any CPU.Build.0 = Debug|Any CPU
		{154D7552-6408-4D35-9F7A-B7DBC18463A4}.Release|Any CPU.ActiveCfg = Release|Any CPU
		{154D7552-6408-4D35-9F7A-B7DBC18463A4}.Release|Any CPU.Build.0 = Release|Any CPU
		{6AC454AC-A88B-4368-9EF3-884B39EA4F69}.Debug|Any CPU.ActiveCfg = Debug|Any CPU
		{6AC454AC-A88B-4368-9EF3-884B39EA4F69}.Debug|Any CPU.Build.0 = Debug|Any CPU
		{6AC454AC-A88B-4368-9EF3-884B39EA4F69}.Release|Any CPU.ActiveCfg = Release|Any CPU
		{6AC454AC-A88B-4368-9EF3-884B39EA4F69}.Release|Any CPU.Build.0 = Release|Any CPU
		{15C56A0E-2013-4280-8767-0281BEA24026}.Debug|Any CPU.ActiveCfg = Debug|Any CPU
		{15C56A0E-2013-4280-8767-0281BEA24026}.Debug|Any CPU.Build.0 = Debug|Any CPU
		{15C56A0E-2013-4280-8767-0281BEA24026}.Release|Any CPU.ActiveCfg = Release|Any CPU
		{15C56A0E-2013-4280-8767-0281BEA24026}.Release|Any CPU.Build.0 = Release|Any CPU
		{E966F0A4-505E-48A3-ACDD-A4AF2FAC4B91}.Debug|Any CPU.ActiveCfg = Debug|Any CPU
		{E966F0A4-505E-48A3-ACDD-A4AF2FAC4B91}.Debug|Any CPU.Build.0 = Debug|Any CPU
		{E966F0A4-505E-48A3-ACDD-A4AF2FAC4B91}.Release|Any CPU.ActiveCfg = Release|Any CPU
		{E966F0A4-505E-48A3-ACDD-A4AF2FAC4B91}.Release|Any CPU.Build.0 = Release|Any CPU
	EndGlobalSection
	GlobalSection(SolutionProperties) = preSolution
		HideSolutionNode = FALSE
	EndGlobalSection
	GlobalSection(ExtensibilityGlobals) = postSolution
		SolutionGuid = {3EFCDF5E-DA3E-405F-80B2-8F966D25D461}
	EndGlobalSection
EndGlobal
