<?xml version="1.0" encoding="utf-8"?>
<Project ToolsVersion="4.0" xmlns="http://schemas.microsoft.com/developer/msbuild/2003">
  <ItemGroup>
    <ClCompile Include="pch.cpp" />
    <ClCompile Include="DbTestHelper.cpp">
      <Filter>Helper</Filter>
    </ClCompile>
    <ClCompile Include="LinkStoreTest.cpp">
      <Filter>Tests</Filter>
    </ClCompile>
    <ClCompile Include="PostingListStoreTest.cpp">
      <Filter>Tests</Filter>
    </ClCompile>
    <ClCompile Include="UrlFileStoreTest.cpp">
      <Filter>Tests</Filter>
    </ClCompile>
    <ClCompile Include="UrlFrontierItemStoreTest.cpp">
      <Filter>Tests</Filter>
    </ClCompile>
    <ClCompile Include="InvertedIndexStoreTest.cpp">
      <Filter>Tests</Filter>
    </ClCompile>
    <ClCompile Include="ServiceTest.cpp">
      <Filter>Tests</Filter>
    </ClCompile>
  </ItemGroup>
  <ItemGroup>
    <ClInclude Include="pch.h" />
    <ClInclude Include="DbTestHelper.h">
      <Filter>Helper</Filter>
    </ClInclude>
  </ItemGroup>
  <ItemGroup>
    <None Include="packages.config" />
  </ItemGroup>
  <ItemGroup>
    <Filter Include="Helper">
      <UniqueIdentifier>{c35a5f5e-a11c-4af0-88bc-c3306ece4802}</UniqueIdentifier>
    </Filter>
    <Filter Include="Tests">
      <UniqueIdentifier>{8c171231-ed89-41f5-8d72-47f6ab37c715}</UniqueIdentifier>
    </Filter>
  </ItemGroup>
</Project>